// !$*UTF8*$!
{
	archiveVersion = 1;
	classes = {
	};
	objectVersion = 55;
	objects = {

/* Begin PBXBuildFile section */
		5B2ACA3D290C7B5A00F3EB53 /* KindsStoresCollectionViewCell.swift in Sources */ = {isa = PBXBuildFile; fileRef = 5B2ACA3C290C7B5A00F3EB53 /* KindsStoresCollectionViewCell.swift */; };
		5B2ACA41290D04D100F3EB53 /* salesItem.swift in Sources */ = {isa = PBXBuildFile; fileRef = 5B2ACA40290D04D100F3EB53 /* salesItem.swift */; };
		5B2ACA43290D5C5300F3EB53 /* DetailsStore.swift in Sources */ = {isa = PBXBuildFile; fileRef = 5B2ACA42290D5C5300F3EB53 /* DetailsStore.swift */; };
		5B2ACA45290DA05700F3EB53 /* AvailableDeliveriesCollectionView.swift in Sources */ = {isa = PBXBuildFile; fileRef = 5B2ACA44290DA05700F3EB53 /* AvailableDeliveriesCollectionView.swift */; };
		5BC6836429043CEB00E0658A /* AppDelegate.swift in Sources */ = {isa = PBXBuildFile; fileRef = 5BC6836329043CEB00E0658A /* AppDelegate.swift */; };
		5BC6836829043CEB00E0658A /* ViewController.swift in Sources */ = {isa = PBXBuildFile; fileRef = 5BC6836729043CEB00E0658A /* ViewController.swift */; };
		5BC6836D29043CED00E0658A /* Assets.xcassets in Resources */ = {isa = PBXBuildFile; fileRef = 5BC6836C29043CED00E0658A /* Assets.xcassets */; };
		5BC6837029043CED00E0658A /* LaunchScreen.storyboard in Resources */ = {isa = PBXBuildFile; fileRef = 5BC6836E29043CED00E0658A /* LaunchScreen.storyboard */; };
		5BC683792905285500E0658A /* Item.swift in Sources */ = {isa = PBXBuildFile; fileRef = 5BC683782905285500E0658A /* Item.swift */; };
		5BC6837C290528A200E0658A /* itemSection.swift in Sources */ = {isa = PBXBuildFile; fileRef = 5BC6837B290528A200E0658A /* itemSection.swift */; };
		5BC6837F29052A3600E0658A /* MockData.swift in Sources */ = {isa = PBXBuildFile; fileRef = 5BC6837E29052A3600E0658A /* MockData.swift */; };
		5BC6838229052C7400E0658A /* CategoryCollectionViewCell.swift in Sources */ = {isa = PBXBuildFile; fileRef = 5BC6838129052C7400E0658A /* CategoryCollectionViewCell.swift */; };
		5BE91AA929086AA0006A9370 /* HeaderSupplementaryView.swift in Sources */ = {isa = PBXBuildFile; fileRef = 5BE91AA829086AA0006A9370 /* HeaderSupplementaryView.swift */; };
		5BE91AAE290B0AE6006A9370 /* DetailVC.swift in Sources */ = {isa = PBXBuildFile; fileRef = 5BE91AAD290B0AE6006A9370 /* DetailVC.swift */; };
/* End PBXBuildFile section */

/* Begin PBXFileReference section */
		5B2ACA3C290C7B5A00F3EB53 /* KindsStoresCollectionViewCell.swift */ = {isa = PBXFileReference; lastKnownFileType = sourcecode.swift; path = KindsStoresCollectionViewCell.swift; sourceTree = "<group>"; };
		5B2ACA40290D04D100F3EB53 /* salesItem.swift */ = {isa = PBXFileReference; lastKnownFileType = sourcecode.swift; path = salesItem.swift; sourceTree = "<group>"; };
		5B2ACA42290D5C5300F3EB53 /* DetailsStore.swift */ = {isa = PBXFileReference; lastKnownFileType = sourcecode.swift; path = DetailsStore.swift; sourceTree = "<group>"; };
		5B2ACA44290DA05700F3EB53 /* AvailableDeliveriesCollectionView.swift */ = {isa = PBXFileReference; lastKnownFileType = sourcecode.swift; path = AvailableDeliveriesCollectionView.swift; sourceTree = "<group>"; };
		5BC6836029043CEB00E0658A /* Food delivery.app */ = {isa = PBXFileReference; explicitFileType = wrapper.application; includeInIndex = 0; path = "Food delivery.app"; sourceTree = BUILT_PRODUCTS_DIR; };
		5BC6836329043CEB00E0658A /* AppDelegate.swift */ = {isa = PBXFileReference; lastKnownFileType = sourcecode.swift; path = AppDelegate.swift; sourceTree = "<group>"; };
		5BC6836729043CEB00E0658A /* ViewController.swift */ = {isa = PBXFileReference; lastKnownFileType = sourcecode.swift; path = ViewController.swift; sourceTree = "<group>"; };
		5BC6836C29043CED00E0658A /* Assets.xcassets */ = {isa = PBXFileReference; lastKnownFileType = folder.assetcatalog; path = Assets.xcassets; sourceTree = "<group>"; };
		5BC6836F29043CED00E0658A /* Base */ = {isa = PBXFileReference; lastKnownFileType = file.storyboard; name = Base; path = Base.lproj/LaunchScreen.storyboard; sourceTree = "<group>"; };
		5BC6837129043CED00E0658A /* Info.plist */ = {isa = PBXFileReference; lastKnownFileType = text.plist.xml; path = Info.plist; sourceTree = "<group>"; };
		5BC683782905285500E0658A /* Item.swift */ = {isa = PBXFileReference; lastKnownFileType = sourcecode.swift; path = Item.swift; sourceTree = "<group>"; };
		5BC6837B290528A200E0658A /* itemSection.swift */ = {isa = PBXFileReference; lastKnownFileType = sourcecode.swift; path = itemSection.swift; sourceTree = "<group>"; };
		5BC6837E29052A3600E0658A /* MockData.swift */ = {isa = PBXFileReference; lastKnownFileType = sourcecode.swift; path = MockData.swift; sourceTree = "<group>"; };
		5BC6838129052C7400E0658A /* CategoryCollectionViewCell.swift */ = {isa = PBXFileReference; lastKnownFileType = sourcecode.swift; path = CategoryCollectionViewCell.swift; sourceTree = "<group>"; };
		5BE91AA829086AA0006A9370 /* HeaderSupplementaryView.swift */ = {isa = PBXFileReference; lastKnownFileType = sourcecode.swift; path = HeaderSupplementaryView.swift; sourceTree = "<group>"; };
		5BE91AAD290B0AE6006A9370 /* DetailVC.swift */ = {isa = PBXFileReference; lastKnownFileType = sourcecode.swift; path = DetailVC.swift; sourceTree = "<group>"; };
/* End PBXFileReference section */

/* Begin PBXFrameworksBuildPhase section */
		5BC6835D29043CEB00E0658A /* Frameworks */ = {
			isa = PBXFrameworksBuildPhase;
			buildActionMask = 2147483647;
			files = (
			);
			runOnlyForDeploymentPostprocessing = 0;
		};
/* End PBXFrameworksBuildPhase section */

/* Begin PBXGroup section */
		5BC6835729043CEB00E0658A = {
			isa = PBXGroup;
			children = (
				5BC6836229043CEB00E0658A /* Food delivery */,
				5BC6836129043CEB00E0658A /* Products */,
			);
			sourceTree = "<group>";
		};
		5BC6836129043CEB00E0658A /* Products */ = {
			isa = PBXGroup;
			children = (
				5BC6836029043CEB00E0658A /* Food delivery.app */,
			);
			name = Products;
			sourceTree = "<group>";
		};
		5BC6836229043CEB00E0658A /* Food delivery */ = {
			isa = PBXGroup;
			children = (
				5BE91AAF290B0B74006A9370 /* Extansion */,
				5BE91AAC290B0AC2006A9370 /* views */,
				5BC6838029052C5A00E0658A /* Cells */,
				5BC6837D29052A2600E0658A /* Data */,
				5BC6837A2905288E00E0658A /* ItemSection */,
				5BC683772905282A00E0658A /* item */,
				5BC6836329043CEB00E0658A /* AppDelegate.swift */,
				5BC6836C29043CED00E0658A /* Assets.xcassets */,
				5BC6836E29043CED00E0658A /* LaunchScreen.storyboard */,
				5BC6837129043CED00E0658A /* Info.plist */,
			);
			path = "Food delivery";
			sourceTree = "<group>";
		};
		5BC683772905282A00E0658A /* item */ = {
			isa = PBXGroup;
			children = (
				5BC683782905285500E0658A /* Item.swift */,
				5B2ACA40290D04D100F3EB53 /* salesItem.swift */,
			);
			path = item;
			sourceTree = "<group>";
		};
		5BC6837A2905288E00E0658A /* ItemSection */ = {
			isa = PBXGroup;
			children = (
				5BC6837B290528A200E0658A /* itemSection.swift */,
			);
			path = ItemSection;
			sourceTree = "<group>";
		};
		5BC6837D29052A2600E0658A /* Data */ = {
			isa = PBXGroup;
			children = (
				5BC6837E29052A3600E0658A /* MockData.swift */,
			);
			path = Data;
			sourceTree = "<group>";
		};
		5BC6838029052C5A00E0658A /* Cells */ = {
			isa = PBXGroup;
			children = (
				5BC6838129052C7400E0658A /* CategoryCollectionViewCell.swift */,
				5B2ACA3C290C7B5A00F3EB53 /* KindsStoresCollectionViewCell.swift */,
				5B2ACA44290DA05700F3EB53 /* AvailableDeliveriesCollectionView.swift */,
				5BE91AA829086AA0006A9370 /* HeaderSupplementaryView.swift */,
			);
			path = Cells;
			sourceTree = "<group>";
		};
		5BE91AAC290B0AC2006A9370 /* views */ = {
			isa = PBXGroup;
			children = (
				5BC6836729043CEB00E0658A /* ViewController.swift */,
				5BE91AAD290B0AE6006A9370 /* DetailVC.swift */,
				5B2ACA42290D5C5300F3EB53 /* DetailsStore.swift */,
			);
			path = views;
			sourceTree = "<group>";
		};
		5BE91AAF290B0B74006A9370 /* Extansion */ = {
			isa = PBXGroup;
			children = (
			);
			path = Extansion;
			sourceTree = "<group>";
		};
/* End PBXGroup section */

/* Begin PBXNativeTarget section */
		5BC6835F29043CEB00E0658A /* Food delivery */ = {
			isa = PBXNativeTarget;
			buildConfigurationList = 5BC6837429043CED00E0658A /* Build configuration list for PBXNativeTarget "Food delivery" */;
			buildPhases = (
				5BC6835C29043CEB00E0658A /* Sources */,
				5BC6835D29043CEB00E0658A /* Frameworks */,
				5BC6835E29043CEB00E0658A /* Resources */,
			);
			buildRules = (
			);
			dependencies = (
			);
			name = "Food delivery";
			productName = "Food delivery";
			productReference = 5BC6836029043CEB00E0658A /* Food delivery.app */;
			productType = "com.apple.product-type.application";
		};
/* End PBXNativeTarget section */

/* Begin PBXProject section */
		5BC6835829043CEB00E0658A /* Project object */ = {
			isa = PBXProject;
			attributes = {
				BuildIndependentTargetsInParallel = 1;
				LastSwiftUpdateCheck = 1340;
				LastUpgradeCheck = 1340;
				TargetAttributes = {
					5BC6835F29043CEB00E0658A = {
						CreatedOnToolsVersion = 13.4.1;
					};
				};
			};
			buildConfigurationList = 5BC6835B29043CEB00E0658A /* Build configuration list for PBXProject "Food delivery" */;
			compatibilityVersion = "Xcode 13.0";
			developmentRegion = en;
			hasScannedForEncodings = 0;
			knownRegions = (
				en,
				Base,
			);
			mainGroup = 5BC6835729043CEB00E0658A;
			productRefGroup = 5BC6836129043CEB00E0658A /* Products */;
			projectDirPath = "";
			projectRoot = "";
			targets = (
				5BC6835F29043CEB00E0658A /* Food delivery */,
			);
		};
/* End PBXProject section */

/* Begin PBXResourcesBuildPhase section */
		5BC6835E29043CEB00E0658A /* Resources */ = {
			isa = PBXResourcesBuildPhase;
			buildActionMask = 2147483647;
			files = (
				5BC6837029043CED00E0658A /* LaunchScreen.storyboard in Resources */,
				5BC6836D29043CED00E0658A /* Assets.xcassets in Resources */,
			);
			runOnlyForDeploymentPostprocessing = 0;
		};
/* End PBXResourcesBuildPhase section */

/* Begin PBXSourcesBuildPhase section */
		5BC6835C29043CEB00E0658A /* Sources */ = {
			isa = PBXSourcesBuildPhase;
			buildActionMask = 2147483647;
			files = (
				5BC6836829043CEB00E0658A /* ViewController.swift in Sources */,
				5BC6837F29052A3600E0658A /* MockData.swift in Sources */,
				5BE91AA929086AA0006A9370 /* HeaderSupplementaryView.swift in Sources */,
				5BC6837C290528A200E0658A /* itemSection.swift in Sources */,
				5BC683792905285500E0658A /* Item.swift in Sources */,
				5BE91AAE290B0AE6006A9370 /* DetailVC.swift in Sources */,
				5B2ACA45290DA05700F3EB53 /* AvailableDeliveriesCollectionView.swift in Sources */,
				5BC6836429043CEB00E0658A /* AppDelegate.swift in Sources */,
				5BC6838229052C7400E0658A /* CategoryCollectionViewCell.swift in Sources */,
				5B2ACA43290D5C5300F3EB53 /* DetailsStore.swift in Sources */,
				5B2ACA3D290C7B5A00F3EB53 /* KindsStoresCollectionViewCell.swift in Sources */,
				5B2ACA41290D04D100F3EB53 /* salesItem.swift in Sources */,
			);
			runOnlyForDeploymentPostprocessing = 0;
		};
/* End PBXSourcesBuildPhase section */

/* Begin PBXVariantGroup section */
		5BC6836E29043CED00E0658A /* LaunchScreen.storyboard */ = {
			isa = PBXVariantGroup;
			children = (
				5BC6836F29043CED00E0658A /* Base */,
			);
			name = LaunchScreen.storyboard;
			sourceTree = "<group>";
		};
/* End PBXVariantGroup section */

/* Begin XCBuildConfiguration section */
		5BC6837229043CED00E0658A /* Debug */ = {
			isa = XCBuildConfiguration;
			buildSettings = {
				ALWAYS_SEARCH_USER_PATHS = NO;
				CLANG_ANALYZER_NONNULL = YES;
				CLANG_ANALYZER_NUMBER_OBJECT_CONVERSION = YES_AGGRESSIVE;
				CLANG_CXX_LANGUAGE_STANDARD = "gnu++17";
				CLANG_ENABLE_MODULES = YES;
				CLANG_ENABLE_OBJC_ARC = YES;
				CLANG_ENABLE_OBJC_WEAK = YES;
				CLANG_WARN_BLOCK_CAPTURE_AUTORELEASING = YES;
				CLANG_WARN_BOOL_CONVERSION = YES;
				CLANG_WARN_COMMA = YES;
				CLANG_WARN_CONSTANT_CONVERSION = YES;
				CLANG_WARN_DEPRECATED_OBJC_IMPLEMENTATIONS = YES;
				CLANG_WARN_DIRECT_OBJC_ISA_USAGE = YES_ERROR;
				CLANG_WARN_DOCUMENTATION_COMMENTS = YES;
				CLANG_WARN_EMPTY_BODY = YES;
				CLANG_WARN_ENUM_CONVERSION = YES;
				CLANG_WARN_INFINITE_RECURSION = YES;
				CLANG_WARN_INT_CONVERSION = YES;
				CLANG_WARN_NON_LITERAL_NULL_CONVERSION = YES;
				CLANG_WARN_OBJC_IMPLICIT_RETAIN_SELF = YES;
				CLANG_WARN_OBJC_LITERAL_CONVERSION = YES;
				CLANG_WARN_OBJC_ROOT_CLASS = YES_ERROR;
				CLANG_WARN_QUOTED_INCLUDE_IN_FRAMEWORK_HEADER = YES;
				CLANG_WARN_RANGE_LOOP_ANALYSIS = YES;
				CLANG_WARN_STRICT_PROTOTYPES = YES;
				CLANG_WARN_SUSPICIOUS_MOVE = YES;
				CLANG_WARN_UNGUARDED_AVAILABILITY = YES_AGGRESSIVE;
				CLANG_WARN_UNREACHABLE_CODE = YES;
				CLANG_WARN__DUPLICATE_METHOD_MATCH = YES;
				COPY_PHASE_STRIP = NO;
				DEBUG_INFORMATION_FORMAT = dwarf;
				ENABLE_STRICT_OBJC_MSGSEND = YES;
				ENABLE_TESTABILITY = YES;
				GCC_C_LANGUAGE_STANDARD = gnu11;
				GCC_DYNAMIC_NO_PIC = NO;
				GCC_NO_COMMON_BLOCKS = YES;
				GCC_OPTIMIZATION_LEVEL = 0;
				GCC_PREPROCESSOR_DEFINITIONS = (
					"DEBUG=1",
					"$(inherited)",
				);
				GCC_WARN_64_TO_32_BIT_CONVERSION = YES;
				GCC_WARN_ABOUT_RETURN_TYPE = YES_ERROR;
				GCC_WARN_UNDECLARED_SELECTOR = YES;
				GCC_WARN_UNINITIALIZED_AUTOS = YES_AGGRESSIVE;
				GCC_WARN_UNUSED_FUNCTION = YES;
				GCC_WARN_UNUSED_VARIABLE = YES;
				IPHONEOS_DEPLOYMENT_TARGET = 15.5;
				MTL_ENABLE_DEBUG_INFO = INCLUDE_SOURCE;
				MTL_FAST_MATH = YES;
				ONLY_ACTIVE_ARCH = YES;
				SDKROOT = iphoneos;
				SWIFT_ACTIVE_COMPILATION_CONDITIONS = DEBUG;
				SWIFT_OPTIMIZATION_LEVEL = "-Onone";
			};
			name = Debug;
		};
		5BC6837329043CED00E0658A /* Release */ = {
			isa = XCBuildConfiguration;
			buildSettings = {
				ALWAYS_SEARCH_USER_PATHS = NO;
				CLANG_ANALYZER_NONNULL = YES;
				CLANG_ANALYZER_NUMBER_OBJECT_CONVERSION = YES_AGGRESSIVE;
				CLANG_CXX_LANGUAGE_STANDARD = "gnu++17";
				CLANG_ENABLE_MODULES = YES;
				CLANG_ENABLE_OBJC_ARC = YES;
				CLANG_ENABLE_OBJC_WEAK = YES;
				CLANG_WARN_BLOCK_CAPTURE_AUTORELEASING = YES;
				CLANG_WARN_BOOL_CONVERSION = YES;
				CLANG_WARN_COMMA = YES;
				CLANG_WARN_CONSTANT_CONVERSION = YES;
				CLANG_WARN_DEPRECATED_OBJC_IMPLEMENTATIONS = YES;
				CLANG_WARN_DIRECT_OBJC_ISA_USAGE = YES_ERROR;
				CLANG_WARN_DOCUMENTATION_COMMENTS = YES;
				CLANG_WARN_EMPTY_BODY = YES;
				CLANG_WARN_ENUM_CONVERSION = YES;
				CLANG_WARN_INFINITE_RECURSION = YES;
				CLANG_WARN_INT_CONVERSION = YES;
				CLANG_WARN_NON_LITERAL_NULL_CONVERSION = YES;
				CLANG_WARN_OBJC_IMPLICIT_RETAIN_SELF = YES;
				CLANG_WARN_OBJC_LITERAL_CONVERSION = YES;
				CLANG_WARN_OBJC_ROOT_CLASS = YES_ERROR;
				CLANG_WARN_QUOTED_INCLUDE_IN_FRAMEWORK_HEADER = YES;
				CLANG_WARN_RANGE_LOOP_ANALYSIS = YES;
				CLANG_WARN_STRICT_PROTOTYPES = YES;
				CLANG_WARN_SUSPICIOUS_MOVE = YES;
				CLANG_WARN_UNGUARDED_AVAILABILITY = YES_AGGRESSIVE;
				CLANG_WARN_UNREACHABLE_CODE = YES;
				CLANG_WARN__DUPLICATE_METHOD_MATCH = YES;
				COPY_PHASE_STRIP = NO;
				DEBUG_INFORMATION_FORMAT = "dwarf-with-dsym";
				ENABLE_NS_ASSERTIONS = NO;
				ENABLE_STRICT_OBJC_MSGSEND = YES;
				GCC_C_LANGUAGE_STANDARD = gnu11;
				GCC_NO_COMMON_BLOCKS = YES;
				GCC_WARN_64_TO_32_BIT_CONVERSION = YES;
				GCC_WARN_ABOUT_RETURN_TYPE = YES_ERROR;
				GCC_WARN_UNDECLARED_SELECTOR = YES;
				GCC_WARN_UNINITIALIZED_AUTOS = YES_AGGRESSIVE;
				GCC_WARN_UNUSED_FUNCTION = YES;
				GCC_WARN_UNUSED_VARIABLE = YES;
				IPHONEOS_DEPLOYMENT_TARGET = 15.5;
				MTL_ENABLE_DEBUG_INFO = NO;
				MTL_FAST_MATH = YES;
				SDKROOT = iphoneos;
				SWIFT_COMPILATION_MODE = wholemodule;
				SWIFT_OPTIMIZATION_LEVEL = "-O";
				VALIDATE_PRODUCT = YES;
			};
			name = Release;
		};
		5BC6837529043CED00E0658A /* Debug */ = {
			isa = XCBuildConfiguration;
			buildSettings = {
				ASSETCATALOG_COMPILER_APPICON_NAME = AppIcon;
				ASSETCATALOG_COMPILER_GLOBAL_ACCENT_COLOR_NAME = AccentColor;
				CODE_SIGN_STYLE = Automatic;
				CURRENT_PROJECT_VERSION = 1;
				DEVELOPMENT_TEAM = R7B2Y45548;
				GENERATE_INFOPLIST_FILE = YES;
				INFOPLIST_FILE = "Food delivery/Info.plist";
				INFOPLIST_KEY_UIApplicationSupportsIndirectInputEvents = YES;
				INFOPLIST_KEY_UILaunchStoryboardName = LaunchScreen;
				INFOPLIST_KEY_UISupportedInterfaceOrientations_iPad = "UIInterfaceOrientationPortrait UIInterfaceOrientationPortraitUpsideDown UIInterfaceOrientationLandscapeLeft UIInterfaceOrientationLandscapeRight";
				INFOPLIST_KEY_UISupportedInterfaceOrientations_iPhone = "UIInterfaceOrientationPortrait UIInterfaceOrientationLandscapeLeft UIInterfaceOrientationLandscapeRight";
				LD_RUNPATH_SEARCH_PATHS = (
					"$(inherited)",
					"@executable_path/Frameworks",
				);
				MARKETING_VERSION = 1.0;
				PRODUCT_BUNDLE_IDENTIFIER = "one.Food-delivery";
				PRODUCT_NAME = "$(TARGET_NAME)";
				SWIFT_EMIT_LOC_STRINGS = YES;
				SWIFT_VERSION = 5.0;
				TARGETED_DEVICE_FAMILY = "1,2";
			};
			name = Debug;
		};
		5BC6837629043CED00E0658A /* Release */ = {
			isa = XCBuildConfiguration;
			buildSettings = {
				ASSETCATALOG_COMPILER_APPICON_NAME = AppIcon;
				ASSETCATALOG_COMPILER_GLOBAL_ACCENT_COLOR_NAME = AccentColor;
				CODE_SIGN_STYLE = Automatic;
				CURRENT_PROJECT_VERSION = 1;
				DEVELOPMENT_TEAM = R7B2Y45548;
				GENERATE_INFOPLIST_FILE = YES;
				INFOPLIST_FILE = "Food delivery/Info.plist";
				INFOPLIST_KEY_UIApplicationSupportsIndirectInputEvents = YES;
				INFOPLIST_KEY_UILaunchStoryboardName = LaunchScreen;
				INFOPLIST_KEY_UISupportedInterfaceOrientations_iPad = "UIInterfaceOrientationPortrait UIInterfaceOrientationPortraitUpsideDown UIInterfaceOrientationLandscapeLeft UIInterfaceOrientationLandscapeRight";
				INFOPLIST_KEY_UISupportedInterfaceOrientations_iPhone = "UIInterfaceOrientationPortrait UIInterfaceOrientationLandscapeLeft UIInterfaceOrientationLandscapeRight";
				LD_RUNPATH_SEARCH_PATHS = (
					"$(inherited)",
					"@executable_path/Frameworks",
				);
				MARKETING_VERSION = 1.0;
				PRODUCT_BUNDLE_IDENTIFIER = "one.Food-delivery";
				PRODUCT_NAME = "$(TARGET_NAME)";
				SWIFT_EMIT_LOC_STRINGS = YES;
				SWIFT_VERSION = 5.0;
				TARGETED_DEVICE_FAMILY = "1,2";
			};
			name = Release;
		};
/* End XCBuildConfiguration section */

/* Begin XCConfigurationList section */
		5BC6835B29043CEB00E0658A /* Build configuration list for PBXProject "Food delivery" */ = {
			isa = XCConfigurationList;
			buildConfigurations = (
				5BC6837229043CED00E0658A /* Debug */,
				5BC6837329043CED00E0658A /* Release */,
			);
			defaultConfigurationIsVisible = 0;
			defaultConfigurationName = Release;
		};
		5BC6837429043CED00E0658A /* Build configuration list for PBXNativeTarget "Food delivery" */ = {
			isa = XCConfigurationList;
			buildConfigurations = (
				5BC6837529043CED00E0658A /* Debug */,
				5BC6837629043CED00E0658A /* Release */,
			);
			defaultConfigurationIsVisible = 0;
			defaultConfigurationName = Release;
		};
/* End XCConfigurationList section */
	};
	rootObject = 5BC6835829043CEB00E0658A /* Project object */;
}
